
Microsoft Visual Studio Solution File, Format Version 12.00
# Visual Studio Version 16
VisualStudioVersion = 16.0.28803.916
MinimumVisualStudioVersion = 10.0.40219.1
Project("{FAE04EC0-301F-11D3-BF4B-00C04F79EFBC}") = "atvt1", "atvt1.csproj", "{FECE9629-00AE-43EF-BE87-3156B2A068DE}"
EndProject
Global
	GlobalSection(SolutionConfigurationPlatforms) = preSolution
		Debug|Any CPU = Debug|Any CPU
		Release|Any CPU = Release|Any CPU
	EndGlobalSection
	GlobalSection(ProjectConfigurationPlatforms) = postSolution
		{FECE9629-00AE-43EF-BE87-3156B2A068DE}.Debug|Any CPU.ActiveCfg = Debug|Any CPU
		{FECE9629-00AE-43EF-BE87-3156B2A068DE}.Debug|Any CPU.Build.0 = Debug|Any CPU
		{FECE9629-00AE-43EF-BE87-3156B2A068DE}.Release|Any CPU.ActiveCfg = Release|Any CPU
		{FECE9629-00AE-43EF-BE87-3156B2A068DE}.Release|Any CPU.Build.0 = Release|Any CPU
	EndGlobalSection
	GlobalSection(SolutionProperties) = preSolution
		HideSolutionNode = FALSE
	EndGlobalSection
	GlobalSection(ExtensibilityGlobals) = postSolution
		SolutionGuid = {AAF8CBA4-6673-4A63-89C8-6F864314952E}
	EndGlobalSection
EndGlobal
